
Microsoft Visual Studio Solution File, Format Version 12.00
# Visual Studio Version 17
VisualStudioVersion = 17.12.35506.116
MinimumVisualStudioVersion = 10.0.40219.1
Project("{2150E333-8FDC-42A3-9474-1A3956D46DE8}") = "WebApps", "WebApps", "{7E9A1EB5-D8CD-446C-94D2-B32DC7BF9291}"
EndProject
Project("{FAE04EC0-301F-11D3-BF4B-00C04F79EFBC}") = "MyBussinessWeb", "WebApps\MyBussinesWeb\MyBussinessWeb.csproj", "{227966AB-BFB4-4759-9E33-D8BBE2768CE6}"
EndProject
Project("{2150E333-8FDC-42A3-9474-1A3956D46DE8}") = "GateWays", "GateWays", "{04A6DCB5-3B1B-4332-88B4-FEC7EF03CFBD}"
EndProject
Project("{FAE04EC0-301F-11D3-BF4B-00C04F79EFBC}") = "GateWayApp", "GateWayApp\GateWayApp.csproj", "{0DA7F2A2-A4DC-461A-9E68-9580F8D47FE8}"
EndProject
Project("{2150E333-8FDC-42A3-9474-1A3956D46DE8}") = "Services", "Services", "{6F6F8B9F-0662-4AFC-945F-43D1F7D4C30B}"
EndProject
Project("{2150E333-8FDC-42A3-9474-1A3956D46DE8}") = "OrdersApi", "OrdersApi", "{60061F48-B5FB-4804-AA79-8057D23BD7A0}"
EndProject
Project("{2150E333-8FDC-42A3-9474-1A3956D46DE8}") = "Building", "Building", "{010D38C8-0817-4862-8756-155993ED0E98}"
EndProject
Project("{FAE04EC0-301F-11D3-BF4B-00C04F79EFBC}") = "BuildingTools", "BuildingTools\BuildingTools.csproj", "{DF9ED558-1B16-441B-A0B3-3DB90708FD77}"
EndProject
Project("{FAE04EC0-301F-11D3-BF4B-00C04F79EFBC}") = "Orders.Api", "Services\OrdersApi\Orders.Api.csproj", "{970DED01-F147-419B-BDE5-AA47299A77FF}"
EndProject
Project("{2150E333-8FDC-42A3-9474-1A3956D46DE8}") = "Orders.Application", "Orders.Application", "{869A5905-9FCF-4341-AC50-2B9E69ECEA27}"
EndProject
Project("{2150E333-8FDC-42A3-9474-1A3956D46DE8}") = "Orders.Domain", "Orders.Domain", "{0AF3A52A-5846-44F5-BEFD-6595B4667187}"
EndProject
Project("{2150E333-8FDC-42A3-9474-1A3956D46DE8}") = "Orders.Infrastructure", "Orders.Infrastructure", "{296F868F-77FB-4AF1-9584-7BE2A10AA279}"
EndProject
Project("{FAE04EC0-301F-11D3-BF4B-00C04F79EFBC}") = "OrdersApplication", "Services\OrdersApplication\OrdersApplication.csproj", "{7D3F26DB-A845-4CEE-81E9-1634C6E71BD8}"
EndProject
Project("{FAE04EC0-301F-11D3-BF4B-00C04F79EFBC}") = "OrdersDomain", "Services\OrdersDomain\OrdersDomain.csproj", "{425E1C07-1908-4BE8-814E-D14C0B1B6432}"
EndProject
Project("{FAE04EC0-301F-11D3-BF4B-00C04F79EFBC}") = "OrdersInfrastructure", "Services\OrdersInfrastructure\OrdersInfrastructure.csproj", "{790C225D-D6C1-494E-9E2D-6BC970E35951}"
EndProject
Global
	GlobalSection(SolutionConfigurationPlatforms) = preSolution
		Debug|Any CPU = Debug|Any CPU
		Release|Any CPU = Release|Any CPU
	EndGlobalSection
	GlobalSection(ProjectConfigurationPlatforms) = postSolution
		{227966AB-BFB4-4759-9E33-D8BBE2768CE6}.Debug|Any CPU.ActiveCfg = Debug|Any CPU
		{227966AB-BFB4-4759-9E33-D8BBE2768CE6}.Debug|Any CPU.Build.0 = Debug|Any CPU
		{227966AB-BFB4-4759-9E33-D8BBE2768CE6}.Release|Any CPU.ActiveCfg = Release|Any CPU
		{227966AB-BFB4-4759-9E33-D8BBE2768CE6}.Release|Any CPU.Build.0 = Release|Any CPU
		{0DA7F2A2-A4DC-461A-9E68-9580F8D47FE8}.Debug|Any CPU.ActiveCfg = Debug|Any CPU
		{0DA7F2A2-A4DC-461A-9E68-9580F8D47FE8}.Debug|Any CPU.Build.0 = Debug|Any CPU
		{0DA7F2A2-A4DC-461A-9E68-9580F8D47FE8}.Release|Any CPU.ActiveCfg = Release|Any CPU
		{0DA7F2A2-A4DC-461A-9E68-9580F8D47FE8}.Release|Any CPU.Build.0 = Release|Any CPU
		{DF9ED558-1B16-441B-A0B3-3DB90708FD77}.Debug|Any CPU.ActiveCfg = Debug|Any CPU
		{DF9ED558-1B16-441B-A0B3-3DB90708FD77}.Debug|Any CPU.Build.0 = Debug|Any CPU
		{DF9ED558-1B16-441B-A0B3-3DB90708FD77}.Release|Any CPU.ActiveCfg = Release|Any CPU
		{DF9ED558-1B16-441B-A0B3-3DB90708FD77}.Release|Any CPU.Build.0 = Release|Any CPU
		{970DED01-F147-419B-BDE5-AA47299A77FF}.Debug|Any CPU.ActiveCfg = Debug|Any CPU
		{970DED01-F147-419B-BDE5-AA47299A77FF}.Debug|Any CPU.Build.0 = Debug|Any CPU
		{970DED01-F147-419B-BDE5-AA47299A77FF}.Release|Any CPU.ActiveCfg = Release|Any CPU
		{970DED01-F147-419B-BDE5-AA47299A77FF}.Release|Any CPU.Build.0 = Release|Any CPU
		{7D3F26DB-A845-4CEE-81E9-1634C6E71BD8}.Debug|Any CPU.ActiveCfg = Debug|Any CPU
		{7D3F26DB-A845-4CEE-81E9-1634C6E71BD8}.Debug|Any CPU.Build.0 = Debug|Any CPU
		{7D3F26DB-A845-4CEE-81E9-1634C6E71BD8}.Release|Any CPU.ActiveCfg = Release|Any CPU
		{7D3F26DB-A845-4CEE-81E9-1634C6E71BD8}.Release|Any CPU.Build.0 = Release|Any CPU
		{425E1C07-1908-4BE8-814E-D14C0B1B6432}.Debug|Any CPU.ActiveCfg = Debug|Any CPU
		{425E1C07-1908-4BE8-814E-D14C0B1B6432}.Debug|Any CPU.Build.0 = Debug|Any CPU
		{425E1C07-1908-4BE8-814E-D14C0B1B6432}.Release|Any CPU.ActiveCfg = Release|Any CPU
		{425E1C07-1908-4BE8-814E-D14C0B1B6432}.Release|Any CPU.Build.0 = Release|Any CPU
		{790C225D-D6C1-494E-9E2D-6BC970E35951}.Debug|Any CPU.ActiveCfg = Debug|Any CPU
		{790C225D-D6C1-494E-9E2D-6BC970E35951}.Debug|Any CPU.Build.0 = Debug|Any CPU
		{790C225D-D6C1-494E-9E2D-6BC970E35951}.Release|Any CPU.ActiveCfg = Release|Any CPU
		{790C225D-D6C1-494E-9E2D-6BC970E35951}.Release|Any CPU.Build.0 = Release|Any CPU
	EndGlobalSection
	GlobalSection(SolutionProperties) = preSolution
		HideSolutionNode = FALSE
	EndGlobalSection
	GlobalSection(NestedProjects) = preSolution
		{227966AB-BFB4-4759-9E33-D8BBE2768CE6} = {7E9A1EB5-D8CD-446C-94D2-B32DC7BF9291}
		{0DA7F2A2-A4DC-461A-9E68-9580F8D47FE8} = {04A6DCB5-3B1B-4332-88B4-FEC7EF03CFBD}
		{60061F48-B5FB-4804-AA79-8057D23BD7A0} = {6F6F8B9F-0662-4AFC-945F-43D1F7D4C30B}
		{DF9ED558-1B16-441B-A0B3-3DB90708FD77} = {010D38C8-0817-4862-8756-155993ED0E98}
		{970DED01-F147-419B-BDE5-AA47299A77FF} = {6F6F8B9F-0662-4AFC-945F-43D1F7D4C30B}
		{869A5905-9FCF-4341-AC50-2B9E69ECEA27} = {6F6F8B9F-0662-4AFC-945F-43D1F7D4C30B}
		{0AF3A52A-5846-44F5-BEFD-6595B4667187} = {6F6F8B9F-0662-4AFC-945F-43D1F7D4C30B}
		{296F868F-77FB-4AF1-9584-7BE2A10AA279} = {6F6F8B9F-0662-4AFC-945F-43D1F7D4C30B}
		{7D3F26DB-A845-4CEE-81E9-1634C6E71BD8} = {6F6F8B9F-0662-4AFC-945F-43D1F7D4C30B}
		{425E1C07-1908-4BE8-814E-D14C0B1B6432} = {6F6F8B9F-0662-4AFC-945F-43D1F7D4C30B}
		{790C225D-D6C1-494E-9E2D-6BC970E35951} = {6F6F8B9F-0662-4AFC-945F-43D1F7D4C30B}
	EndGlobalSection
EndGlobal
